
Microsoft Visual Studio Solution File, Format Version 12.00
# Visual Studio 15
Project("{FAE04EC0-301F-11D3-BF4B-00C04F79EFBC}") = "Ink-Libraries", "Ink-Libraries.csproj", "{0BEA25B8-0A71-E5C2-F414-4ADE41E862A9}"
EndProject
Project("{FAE04EC0-301F-11D3-BF4B-00C04F79EFBC}") = "Assembly-CSharp", "Assembly-CSharp.csproj", "{FB28A268-A8DD-823F-9B25-10C80A868262}"
EndProject
Project("{FAE04EC0-301F-11D3-BF4B-00C04F79EFBC}") = "InkEditor", "InkEditor.csproj", "{016F26A1-CEE8-1E45-5416-07C1E746D3F7}"
EndProject
Project("{FAE04EC0-301F-11D3-BF4B-00C04F79EFBC}") = "Assembly-CSharp-Editor", "Assembly-CSharp-Editor.csproj", "{730ECA4C-203F-03BC-9620-9FC5320A2162}"
EndProject
Global
	GlobalSection(SolutionConfigurationPlatforms) = preSolution
		Debug|Any CPU = Debug|Any CPU
		Release|Any CPU = Release|Any CPU
	EndGlobalSection
	GlobalSection(ProjectConfigurationPlatforms) = postSolution
		{0BEA25B8-0A71-E5C2-F414-4ADE41E862A9}.Debug|Any CPU.ActiveCfg = Debug|Any CPU
		{0BEA25B8-0A71-E5C2-F414-4ADE41E862A9}.Debug|Any CPU.Build.0 = Debug|Any CPU
		{0BEA25B8-0A71-E5C2-F414-4ADE41E862A9}.Release|Any CPU.ActiveCfg = Release|Any CPU
		{0BEA25B8-0A71-E5C2-F414-4ADE41E862A9}.Release|Any CPU.Build.0 = Release|Any CPU
		{FB28A268-A8DD-823F-9B25-10C80A868262}.Debug|Any CPU.ActiveCfg = Debug|Any CPU
		{FB28A268-A8DD-823F-9B25-10C80A868262}.Debug|Any CPU.Build.0 = Debug|Any CPU
		{FB28A268-A8DD-823F-9B25-10C80A868262}.Release|Any CPU.ActiveCfg = Release|Any CPU
		{FB28A268-A8DD-823F-9B25-10C80A868262}.Release|Any CPU.Build.0 = Release|Any CPU
		{016F26A1-CEE8-1E45-5416-07C1E746D3F7}.Debug|Any CPU.ActiveCfg = Debug|Any CPU
		{016F26A1-CEE8-1E45-5416-07C1E746D3F7}.Debug|Any CPU.Build.0 = Debug|Any CPU
		{016F26A1-CEE8-1E45-5416-07C1E746D3F7}.Release|Any CPU.ActiveCfg = Release|Any CPU
		{016F26A1-CEE8-1E45-5416-07C1E746D3F7}.Release|Any CPU.Build.0 = Release|Any CPU
		{730ECA4C-203F-03BC-9620-9FC5320A2162}.Debug|Any CPU.ActiveCfg = Debug|Any CPU
		{730ECA4C-203F-03BC-9620-9FC5320A2162}.Debug|Any CPU.Build.0 = Debug|Any CPU
		{730ECA4C-203F-03BC-9620-9FC5320A2162}.Release|Any CPU.ActiveCfg = Release|Any CPU
		{730ECA4C-203F-03BC-9620-9FC5320A2162}.Release|Any CPU.Build.0 = Release|Any CPU
	EndGlobalSection
	GlobalSection(SolutionProperties) = preSolution
		HideSolutionNode = FALSE
	EndGlobalSection
EndGlobal
